
Microsoft Visual Studio Solution File, Format Version 12.00
# Visual Studio Version 17
VisualStudioVersion = 17.4.33103.184
MinimumVisualStudioVersion = 10.0.40219.1
Project("{FAE04EC0-301F-11D3-BF4B-00C04F79EFBC}") = "FoliageShading", "FoliageShading\FoliageShading.csproj", "{52D9A9DA-1331-4C80-B8BD-9B7B32608524}"
EndProject
Global
	GlobalSection(SolutionConfigurationPlatforms) = preSolution
		Debug|Any CPU = Debug|Any CPU
		Release|Any CPU = Release|Any CPU
	EndGlobalSection
	GlobalSection(ProjectConfigurationPlatforms) = postSolution
		{52D9A9DA-1331-4C80-B8BD-9B7B32608524}.Debug|Any CPU.ActiveCfg = Debug|Any CPU
		{52D9A9DA-1331-4C80-B8BD-9B7B32608524}.Debug|Any CPU.Build.0 = Debug|Any CPU
		{52D9A9DA-1331-4C80-B8BD-9B7B32608524}.Release|Any CPU.ActiveCfg = Release|Any CPU
		{52D9A9DA-1331-4C80-B8BD-9B7B32608524}.Release|Any CPU.Build.0 = Release|Any CPU
	EndGlobalSection
	GlobalSection(SolutionProperties) = preSolution
		HideSolutionNode = FALSE
	EndGlobalSection
	GlobalSection(ExtensibilityGlobals) = postSolution
		SolutionGuid = {3DF83D1B-BAFD-4BC5-8BC8-A87530552A67}
	EndGlobalSection
EndGlobal
